
Microsoft Visual Studio Solution File, Format Version 12.00
# Visual Studio 15
VisualStudioVersion = 15.0.28307.779
MinimumVisualStudioVersion = 10.0.40219.1
Project("{E24C65DC-7377-472B-9ABA-BC803B73C61A}") = "Reiki(1)", "Reiki\", "{FDA4CEBA-2F7E-45F1-98AB-0082EB02C0BB}"
	ProjectSection(WebsiteProperties) = preProject
		TargetFrameworkMoniker = ".NETFramework,Version%3Dv4.5"
		Debug.AspNetCompiler.VirtualPath = "/localhost_52799"
		Debug.AspNetCompiler.PhysicalPath = "Reiki\"
		Debug.AspNetCompiler.TargetPath = "PrecompiledWeb\localhost_52799\"
		Debug.AspNetCompiler.Updateable = "true"
		Debug.AspNetCompiler.ForceOverwrite = "true"
		Debug.AspNetCompiler.FixedNames = "false"
		Debug.AspNetCompiler.Debug = "True"
		Release.AspNetCompiler.VirtualPath = "/localhost_52799"
		Release.AspNetCompiler.PhysicalPath = "Reiki\"
		Release.AspNetCompiler.TargetPath = "PrecompiledWeb\localhost_52799\"
		Release.AspNetCompiler.Updateable = "true"
		Release.AspNetCompiler.ForceOverwrite = "true"
		Release.AspNetCompiler.FixedNames = "false"
		Release.AspNetCompiler.Debug = "False"
		VWDPort = "52799"
		SlnRelativePath = "Reiki\"
	EndProjectSection
EndProject
Global
	GlobalSection(SolutionConfigurationPlatforms) = preSolution
		Debug|Any CPU = Debug|Any CPU
	EndGlobalSection
	GlobalSection(ProjectConfigurationPlatforms) = postSolution
		{FDA4CEBA-2F7E-45F1-98AB-0082EB02C0BB}.Debug|Any CPU.ActiveCfg = Debug|Any CPU
		{FDA4CEBA-2F7E-45F1-98AB-0082EB02C0BB}.Debug|Any CPU.Build.0 = Debug|Any CPU
	EndGlobalSection
	GlobalSection(SolutionProperties) = preSolution
		HideSolutionNode = FALSE
	EndGlobalSection
	GlobalSection(ExtensibilityGlobals) = postSolution
		SolutionGuid = {4F81116D-DCD1-4B37-897C-726E8FB53550}
	EndGlobalSection
EndGlobal
